
Microsoft Visual Studio Solution File, Format Version 12.00
# Visual Studio 2013
VisualStudioVersion = 12.0.40629.0
MinimumVisualStudioVersion = 10.0.40219.1
Project("{FAE04EC0-301F-11D3-BF4B-00C04F79EFBC}") = "DemoExceptionless", "DemoExceptionless\DemoExceptionless.csproj", "{FA4B9A7F-D4C1-4B09-B2E8-2C287B16F646}"
EndProject
Global
	GlobalSection(SolutionConfigurationPlatforms) = preSolution
		Debug|Any CPU = Debug|Any CPU
		Release|Any CPU = Release|Any CPU
	EndGlobalSection
	GlobalSection(ProjectConfigurationPlatforms) = postSolution
		{FA4B9A7F-D4C1-4B09-B2E8-2C287B16F646}.Debug|Any CPU.ActiveCfg = Debug|Any CPU
		{FA4B9A7F-D4C1-4B09-B2E8-2C287B16F646}.Debug|Any CPU.Build.0 = Debug|Any CPU
		{FA4B9A7F-D4C1-4B09-B2E8-2C287B16F646}.Release|Any CPU.ActiveCfg = Release|Any CPU
		{FA4B9A7F-D4C1-4B09-B2E8-2C287B16F646}.Release|Any CPU.Build.0 = Release|Any CPU
	EndGlobalSection
	GlobalSection(SolutionProperties) = preSolution
		HideSolutionNode = FALSE
	EndGlobalSection
EndGlobal
